
Microsoft Visual Studio Solution File, Format Version 12.00
# Visual Studio Version 17
VisualStudioVersion = 17.1.32210.238
MinimumVisualStudioVersion = 10.0.40219.1
Project("{FAE04EC0-301F-11D3-BF4B-00C04F79EFBC}") = "Video", "Video\Video.csproj", "{B9F05BBA-AEA0-4598-B255-703C25D554DC}"
EndProject
Global
	GlobalSection(SolutionConfigurationPlatforms) = preSolution
		Debug|Any CPU = Debug|Any CPU
		Release|Any CPU = Release|Any CPU
	EndGlobalSection
	GlobalSection(ProjectConfigurationPlatforms) = postSolution
		{B9F05BBA-AEA0-4598-B255-703C25D554DC}.Debug|Any CPU.ActiveCfg = Debug|Any CPU
		{B9F05BBA-AEA0-4598-B255-703C25D554DC}.Debug|Any CPU.Build.0 = Debug|Any CPU
		{B9F05BBA-AEA0-4598-B255-703C25D554DC}.Release|Any CPU.ActiveCfg = Release|Any CPU
		{B9F05BBA-AEA0-4598-B255-703C25D554DC}.Release|Any CPU.Build.0 = Release|Any CPU
	EndGlobalSection
	GlobalSection(SolutionProperties) = preSolution
		HideSolutionNode = FALSE
	EndGlobalSection
	GlobalSection(ExtensibilityGlobals) = postSolution
		SolutionGuid = {A9785EA5-7A5F-458A-ABDF-C12A792F2010}
	EndGlobalSection
EndGlobal
