
Microsoft Visual Studio Solution File, Format Version 12.00
# Visual Studio Version 17
VisualStudioVersion = 17.1.32210.238
MinimumVisualStudioVersion = 10.0.40219.1
Project("{FAE04EC0-301F-11D3-BF4B-00C04F79EFBC}") = "Проект", "Проект.csproj", "{263E24BC-3F24-485B-8E10-51B9E5AFA014}"
EndProject
Global
	GlobalSection(SolutionConfigurationPlatforms) = preSolution
		Debug|Any CPU = Debug|Any CPU
		Release|Any CPU = Release|Any CPU
	EndGlobalSection
	GlobalSection(ProjectConfigurationPlatforms) = postSolution
		{263E24BC-3F24-485B-8E10-51B9E5AFA014}.Debug|Any CPU.ActiveCfg = Debug|Any CPU
		{263E24BC-3F24-485B-8E10-51B9E5AFA014}.Debug|Any CPU.Build.0 = Debug|Any CPU
		{263E24BC-3F24-485B-8E10-51B9E5AFA014}.Release|Any CPU.ActiveCfg = Release|Any CPU
		{263E24BC-3F24-485B-8E10-51B9E5AFA014}.Release|Any CPU.Build.0 = Release|Any CPU
	EndGlobalSection
	GlobalSection(SolutionProperties) = preSolution
		HideSolutionNode = FALSE
	EndGlobalSection
	GlobalSection(ExtensibilityGlobals) = postSolution
		SolutionGuid = {DF76C18E-CFF3-49F4-A583-D4413F776B99}
	EndGlobalSection
EndGlobal
